
Microsoft Visual Studio Solution File, Format Version 12.00
# Visual Studio Version 17
VisualStudioVersion = 17.5.002.0
MinimumVisualStudioVersion = 10.0.40219.1
Project("{2150E333-8FDC-42A3-9474-1A3956D46DE8}") = "csharp-prep", "csharp-prep", "{03E4E294-3196-4062-BEE5-49EF2F18E7F7}"
EndProject
Project("{9A19103F-16F7-4668-BE54-9A1E7A4F7556}") = "Prep1", "csharp-prep\Prep1\Prep1.csproj", "{075B64D8-B744-4043-9305-61F5CC0CC6F5}"
EndProject
Project("{9A19103F-16F7-4668-BE54-9A1E7A4F7556}") = "Prep2", "csharp-prep\Prep2\Prep2.csproj", "{B2C523D8-0EBF-4EDD-ACB0-8E303BD8278C}"
EndProject
Project("{9A19103F-16F7-4668-BE54-9A1E7A4F7556}") = "Prep3", "csharp-prep\Prep3\Prep3.csproj", "{48033A64-7AFB-4D21-9488-DDCD17A7E6A7}"
EndProject
Project("{9A19103F-16F7-4668-BE54-9A1E7A4F7556}") = "Prep4", "csharp-prep\Prep4\Prep4.csproj", "{FED89CC9-F113-4F9A-B8A0-953AB16E553D}"
EndProject
Project("{9A19103F-16F7-4668-BE54-9A1E7A4F7556}") = "Prep5", "csharp-prep\Prep5\Prep5.csproj", "{5EB67E47-1706-45D8-9EF4-A91537DEA093}"
EndProject
Project("{2150E333-8FDC-42A3-9474-1A3956D46DE8}") = "final", "final", "{8E2C5020-9688-495A-97DB-3391654A2E36}"
EndProject
Project("{9A19103F-16F7-4668-BE54-9A1E7A4F7556}") = "FinalProject", "final\FinalProject\FinalProject.csproj", "{CC3C2258-923E-4063-AE36-7B435EEB4B36}"
EndProject
Project("{9A19103F-16F7-4668-BE54-9A1E7A4F7556}") = "Foundation1", "final\Foundation1\Foundation1.csproj", "{15409B46-BBF9-4DE9-A62D-0DF49C5749C9}"
EndProject
Project("{9A19103F-16F7-4668-BE54-9A1E7A4F7556}") = "Foundation2", "final\Foundation2\Foundation2.csproj", "{6DA650DC-395A-4194-9E8D-F84255B3B33B}"
EndProject
Project("{9A19103F-16F7-4668-BE54-9A1E7A4F7556}") = "Foundation3", "final\Foundation3\Foundation3.csproj", "{ECBE35EA-A074-4148-A26D-0197D44D096C}"
EndProject
Project("{9A19103F-16F7-4668-BE54-9A1E7A4F7556}") = "Foundation4", "final\Foundation4\Foundation4.csproj", "{3FD645D6-AB51-48D1-BC27-89DA3E4ADA95}"
EndProject
Project("{2150E333-8FDC-42A3-9474-1A3956D46DE8}") = "prepare", "prepare", "{F711D695-8C2B-4573-81EF-63AB92776060}"
EndProject
Project("{9A19103F-16F7-4668-BE54-9A1E7A4F7556}") = "Learning02", "prepare\Learning02\Learning02.csproj", "{38F69874-4A82-4C90-9711-117503EDFEF7}"
EndProject
Project("{9A19103F-16F7-4668-BE54-9A1E7A4F7556}") = "Learning03", "prepare\Learning03\Learning03.csproj", "{A49474E5-FE5A-4E75-978E-05984053F0F9}"
EndProject
Project("{9A19103F-16F7-4668-BE54-9A1E7A4F7556}") = "Learning04", "prepare\Learning04\Learning04.csproj", "{81D3E5FF-009D-491B-93E5-BAE7EE41BC76}"
EndProject
Project("{9A19103F-16F7-4668-BE54-9A1E7A4F7556}") = "Learning05", "prepare\Learning05\Learning05.csproj", "{D527EA79-59CE-4DE4-9710-C15862C98A6B}"
EndProject
Project("{2150E333-8FDC-42A3-9474-1A3956D46DE8}") = "prove", "prove", "{0812784D-B9D4-4DF3-919C-B92F908CEBC9}"
EndProject
Project("{9A19103F-16F7-4668-BE54-9A1E7A4F7556}") = "Develop02", "prove\Develop02\Develop02.csproj", "{3D205329-DF24-43F4-8273-C4AA83EEE860}"
EndProject
Project("{9A19103F-16F7-4668-BE54-9A1E7A4F7556}") = "Develop03", "prove\Develop03\Develop03.csproj", "{B72815B3-AF34-440E-A567-0E7BCC29E0B4}"
EndProject
Project("{9A19103F-16F7-4668-BE54-9A1E7A4F7556}") = "Develop04", "prove\Develop04\Develop04.csproj", "{968ACEA1-04E5-4BCD-B143-9F074577EEDA}"
EndProject
Project("{9A19103F-16F7-4668-BE54-9A1E7A4F7556}") = "Develop05", "prove\Develop05\Develop05.csproj", "{B2D253FF-20CC-461E-8FE0-25BA76B973D6}"
EndProject
Project("{2150E333-8FDC-42A3-9474-1A3956D46DE8}") = "sandbox", "sandbox", "{E9966B91-CA96-48D9-A3E3-57F465302AEA}"
EndProject
Project("{9A19103F-16F7-4668-BE54-9A1E7A4F7556}") = "Sandbox", "sandbox\Sandbox\Sandbox.csproj", "{9B5E0CDA-6B62-4895-A71F-EB0AEC691583}"
EndProject
Global
	GlobalSection(SolutionConfigurationPlatforms) = preSolution
		Debug|Any CPU = Debug|Any CPU
		Release|Any CPU = Release|Any CPU
	EndGlobalSection
	GlobalSection(ProjectConfigurationPlatforms) = postSolution
		{075B64D8-B744-4043-9305-61F5CC0CC6F5}.Debug|Any CPU.ActiveCfg = Debug|Any CPU
		{075B64D8-B744-4043-9305-61F5CC0CC6F5}.Debug|Any CPU.Build.0 = Debug|Any CPU
		{075B64D8-B744-4043-9305-61F5CC0CC6F5}.Release|Any CPU.ActiveCfg = Release|Any CPU
		{075B64D8-B744-4043-9305-61F5CC0CC6F5}.Release|Any CPU.Build.0 = Release|Any CPU
		{B2C523D8-0EBF-4EDD-ACB0-8E303BD8278C}.Debug|Any CPU.ActiveCfg = Debug|Any CPU
		{B2C523D8-0EBF-4EDD-ACB0-8E303BD8278C}.Debug|Any CPU.Build.0 = Debug|Any CPU
		{B2C523D8-0EBF-4EDD-ACB0-8E303BD8278C}.Release|Any CPU.ActiveCfg = Release|Any CPU
		{B2C523D8-0EBF-4EDD-ACB0-8E303BD8278C}.Release|Any CPU.Build.0 = Release|Any CPU
		{48033A64-7AFB-4D21-9488-DDCD17A7E6A7}.Debug|Any CPU.ActiveCfg = Debug|Any CPU
		{48033A64-7AFB-4D21-9488-DDCD17A7E6A7}.Debug|Any CPU.Build.0 = Debug|Any CPU
		{48033A64-7AFB-4D21-9488-DDCD17A7E6A7}.Release|Any CPU.ActiveCfg = Release|Any CPU
		{48033A64-7AFB-4D21-9488-DDCD17A7E6A7}.Release|Any CPU.Build.0 = Release|Any CPU
		{FED89CC9-F113-4F9A-B8A0-953AB16E553D}.Debug|Any CPU.ActiveCfg = Debug|Any CPU
		{FED89CC9-F113-4F9A-B8A0-953AB16E553D}.Debug|Any CPU.Build.0 = Debug|Any CPU
		{FED89CC9-F113-4F9A-B8A0-953AB16E553D}.Release|Any CPU.ActiveCfg = Release|Any CPU
		{FED89CC9-F113-4F9A-B8A0-953AB16E553D}.Release|Any CPU.Build.0 = Release|Any CPU
		{5EB67E47-1706-45D8-9EF4-A91537DEA093}.Debug|Any CPU.ActiveCfg = Debug|Any CPU
		{5EB67E47-1706-45D8-9EF4-A91537DEA093}.Debug|Any CPU.Build.0 = Debug|Any CPU
		{5EB67E47-1706-45D8-9EF4-A91537DEA093}.Release|Any CPU.ActiveCfg = Release|Any CPU
		{5EB67E47-1706-45D8-9EF4-A91537DEA093}.Release|Any CPU.Build.0 = Release|Any CPU
		{CC3C2258-923E-4063-AE36-7B435EEB4B36}.Debug|Any CPU.ActiveCfg = Debug|Any CPU
		{CC3C2258-923E-4063-AE36-7B435EEB4B36}.Debug|Any CPU.Build.0 = Debug|Any CPU
		{CC3C2258-923E-4063-AE36-7B435EEB4B36}.Release|Any CPU.ActiveCfg = Release|Any CPU
		{CC3C2258-923E-4063-AE36-7B435EEB4B36}.Release|Any CPU.Build.0 = Release|Any CPU
		{15409B46-BBF9-4DE9-A62D-0DF49C5749C9}.Debug|Any CPU.ActiveCfg = Debug|Any CPU
		{15409B46-BBF9-4DE9-A62D-0DF49C5749C9}.Debug|Any CPU.Build.0 = Debug|Any CPU
		{15409B46-BBF9-4DE9-A62D-0DF49C5749C9}.Release|Any CPU.ActiveCfg = Release|Any CPU
		{15409B46-BBF9-4DE9-A62D-0DF49C5749C9}.Release|Any CPU.Build.0 = Release|Any CPU
		{6DA650DC-395A-4194-9E8D-F84255B3B33B}.Debug|Any CPU.ActiveCfg = Debug|Any CPU
		{6DA650DC-395A-4194-9E8D-F84255B3B33B}.Debug|Any CPU.Build.0 = Debug|Any CPU
		{6DA650DC-395A-4194-9E8D-F84255B3B33B}.Release|Any CPU.ActiveCfg = Release|Any CPU
		{6DA650DC-395A-4194-9E8D-F84255B3B33B}.Release|Any CPU.Build.0 = Release|Any CPU
		{ECBE35EA-A074-4148-A26D-0197D44D096C}.Debug|Any CPU.ActiveCfg = Debug|Any CPU
		{ECBE35EA-A074-4148-A26D-0197D44D096C}.Debug|Any CPU.Build.0 = Debug|Any CPU
		{ECBE35EA-A074-4148-A26D-0197D44D096C}.Release|Any CPU.ActiveCfg = Release|Any CPU
		{ECBE35EA-A074-4148-A26D-0197D44D096C}.Release|Any CPU.Build.0 = Release|Any CPU
		{3FD645D6-AB51-48D1-BC27-89DA3E4ADA95}.Debug|Any CPU.ActiveCfg = Debug|Any CPU
		{3FD645D6-AB51-48D1-BC27-89DA3E4ADA95}.Debug|Any CPU.Build.0 = Debug|Any CPU
		{3FD645D6-AB51-48D1-BC27-89DA3E4ADA95}.Release|Any CPU.ActiveCfg = Release|Any CPU
		{3FD645D6-AB51-48D1-BC27-89DA3E4ADA95}.Release|Any CPU.Build.0 = Release|Any CPU
		{38F69874-4A82-4C90-9711-117503EDFEF7}.Debug|Any CPU.ActiveCfg = Debug|Any CPU
		{38F69874-4A82-4C90-9711-117503EDFEF7}.Debug|Any CPU.Build.0 = Debug|Any CPU
		{38F69874-4A82-4C90-9711-117503EDFEF7}.Release|Any CPU.ActiveCfg = Release|Any CPU
		{38F69874-4A82-4C90-9711-117503EDFEF7}.Release|Any CPU.Build.0 = Release|Any CPU
		{A49474E5-FE5A-4E75-978E-05984053F0F9}.Debug|Any CPU.ActiveCfg = Debug|Any CPU
		{A49474E5-FE5A-4E75-978E-05984053F0F9}.Debug|Any CPU.Build.0 = Debug|Any CPU
		{A49474E5-FE5A-4E75-978E-05984053F0F9}.Release|Any CPU.ActiveCfg = Release|Any CPU
		{A49474E5-FE5A-4E75-978E-05984053F0F9}.Release|Any CPU.Build.0 = Release|Any CPU
		{81D3E5FF-009D-491B-93E5-BAE7EE41BC76}.Debug|Any CPU.ActiveCfg = Debug|Any CPU
		{81D3E5FF-009D-491B-93E5-BAE7EE41BC76}.Debug|Any CPU.Build.0 = Debug|Any CPU
		{81D3E5FF-009D-491B-93E5-BAE7EE41BC76}.Release|Any CPU.ActiveCfg = Release|Any CPU
		{81D3E5FF-009D-491B-93E5-BAE7EE41BC76}.Release|Any CPU.Build.0 = Release|Any CPU
		{D527EA79-59CE-4DE4-9710-C15862C98A6B}.Debug|Any CPU.ActiveCfg = Debug|Any CPU
		{D527EA79-59CE-4DE4-9710-C15862C98A6B}.Debug|Any CPU.Build.0 = Debug|Any CPU
		{D527EA79-59CE-4DE4-9710-C15862C98A6B}.Release|Any CPU.ActiveCfg = Release|Any CPU
		{D527EA79-59CE-4DE4-9710-C15862C98A6B}.Release|Any CPU.Build.0 = Release|Any CPU
		{3D205329-DF24-43F4-8273-C4AA83EEE860}.Debug|Any CPU.ActiveCfg = Debug|Any CPU
		{3D205329-DF24-43F4-8273-C4AA83EEE860}.Debug|Any CPU.Build.0 = Debug|Any CPU
		{3D205329-DF24-43F4-8273-C4AA83EEE860}.Release|Any CPU.ActiveCfg = Release|Any CPU
		{3D205329-DF24-43F4-8273-C4AA83EEE860}.Release|Any CPU.Build.0 = Release|Any CPU
		{B72815B3-AF34-440E-A567-0E7BCC29E0B4}.Debug|Any CPU.ActiveCfg = Debug|Any CPU
		{B72815B3-AF34-440E-A567-0E7BCC29E0B4}.Debug|Any CPU.Build.0 = Debug|Any CPU
		{B72815B3-AF34-440E-A567-0E7BCC29E0B4}.Release|Any CPU.ActiveCfg = Release|Any CPU
		{B72815B3-AF34-440E-A567-0E7BCC29E0B4}.Release|Any CPU.Build.0 = Release|Any CPU
		{968ACEA1-04E5-4BCD-B143-9F074577EEDA}.Debug|Any CPU.ActiveCfg = Debug|Any CPU
		{968ACEA1-04E5-4BCD-B143-9F074577EEDA}.Debug|Any CPU.Build.0 = Debug|Any CPU
		{968ACEA1-04E5-4BCD-B143-9F074577EEDA}.Release|Any CPU.ActiveCfg = Release|Any CPU
		{968ACEA1-04E5-4BCD-B143-9F074577EEDA}.Release|Any CPU.Build.0 = Release|Any CPU
		{B2D253FF-20CC-461E-8FE0-25BA76B973D6}.Debug|Any CPU.ActiveCfg = Debug|Any CPU
		{B2D253FF-20CC-461E-8FE0-25BA76B973D6}.Debug|Any CPU.Build.0 = Debug|Any CPU
		{B2D253FF-20CC-461E-8FE0-25BA76B973D6}.Release|Any CPU.ActiveCfg = Release|Any CPU
		{B2D253FF-20CC-461E-8FE0-25BA76B973D6}.Release|Any CPU.Build.0 = Release|Any CPU
		{9B5E0CDA-6B62-4895-A71F-EB0AEC691583}.Debug|Any CPU.ActiveCfg = Debug|Any CPU
		{9B5E0CDA-6B62-4895-A71F-EB0AEC691583}.Debug|Any CPU.Build.0 = Debug|Any CPU
		{9B5E0CDA-6B62-4895-A71F-EB0AEC691583}.Release|Any CPU.ActiveCfg = Release|Any CPU
		{9B5E0CDA-6B62-4895-A71F-EB0AEC691583}.Release|Any CPU.Build.0 = Release|Any CPU
	EndGlobalSection
	GlobalSection(SolutionProperties) = preSolution
		HideSolutionNode = FALSE
	EndGlobalSection
	GlobalSection(NestedProjects) = preSolution
		{075B64D8-B744-4043-9305-61F5CC0CC6F5} = {03E4E294-3196-4062-BEE5-49EF2F18E7F7}
		{B2C523D8-0EBF-4EDD-ACB0-8E303BD8278C} = {03E4E294-3196-4062-BEE5-49EF2F18E7F7}
		{48033A64-7AFB-4D21-9488-DDCD17A7E6A7} = {03E4E294-3196-4062-BEE5-49EF2F18E7F7}
		{FED89CC9-F113-4F9A-B8A0-953AB16E553D} = {03E4E294-3196-4062-BEE5-49EF2F18E7F7}
		{5EB67E47-1706-45D8-9EF4-A91537DEA093} = {03E4E294-3196-4062-BEE5-49EF2F18E7F7}
		{CC3C2258-923E-4063-AE36-7B435EEB4B36} = {8E2C5020-9688-495A-97DB-3391654A2E36}
		{15409B46-BBF9-4DE9-A62D-0DF49C5749C9} = {8E2C5020-9688-495A-97DB-3391654A2E36}
		{6DA650DC-395A-4194-9E8D-F84255B3B33B} = {8E2C5020-9688-495A-97DB-3391654A2E36}
		{ECBE35EA-A074-4148-A26D-0197D44D096C} = {8E2C5020-9688-495A-97DB-3391654A2E36}
		{3FD645D6-AB51-48D1-BC27-89DA3E4ADA95} = {8E2C5020-9688-495A-97DB-3391654A2E36}
		{38F69874-4A82-4C90-9711-117503EDFEF7} = {F711D695-8C2B-4573-81EF-63AB92776060}
		{A49474E5-FE5A-4E75-978E-05984053F0F9} = {F711D695-8C2B-4573-81EF-63AB92776060}
		{81D3E5FF-009D-491B-93E5-BAE7EE41BC76} = {F711D695-8C2B-4573-81EF-63AB92776060}
		{D527EA79-59CE-4DE4-9710-C15862C98A6B} = {F711D695-8C2B-4573-81EF-63AB92776060}
		{3D205329-DF24-43F4-8273-C4AA83EEE860} = {0812784D-B9D4-4DF3-919C-B92F908CEBC9}
		{B72815B3-AF34-440E-A567-0E7BCC29E0B4} = {0812784D-B9D4-4DF3-919C-B92F908CEBC9}
		{968ACEA1-04E5-4BCD-B143-9F074577EEDA} = {0812784D-B9D4-4DF3-919C-B92F908CEBC9}
		{B2D253FF-20CC-461E-8FE0-25BA76B973D6} = {0812784D-B9D4-4DF3-919C-B92F908CEBC9}
		{9B5E0CDA-6B62-4895-A71F-EB0AEC691583} = {E9966B91-CA96-48D9-A3E3-57F465302AEA}
	EndGlobalSection
	GlobalSection(ExtensibilityGlobals) = postSolution
		SolutionGuid = {B7681926-005E-48A8-9568-8179CEA3111E}
	EndGlobalSection
EndGlobal
